
Microsoft Visual Studio Solution File, Format Version 12.00
# Visual Studio Version 16
VisualStudioVersion = 16.0.33927.289
MinimumVisualStudioVersion = 10.0.40219.1
Project("{2150E333-8FDC-42A3-9474-1A3956D46DE8}") = "Task0", "Task0", "{DDAE9EDC-696C-4045-A2D0-E04D74A563D3}"
EndProject
Project("{FAE04EC0-301F-11D3-BF4B-00C04F79EFBC}") = "Tyuiu.BratsunDA.Sprint4.Task0.V15", "Tyuiu.BratsunDA.Sprint4.Task0.V15\Tyuiu.BratsunDA.Sprint4.Task0.V15.csproj", "{B3B48FEA-200C-4E33-9FDE-05B362DB1EC6}"
EndProject
Project("{FAE04EC0-301F-11D3-BF4B-00C04F79EFBC}") = "Tyuiu.BratsunDA.Sprint4.Task0.V15.Lib", "Tyuiu.BratsunDA.Sprint4.Task0.V15.Lib\Tyuiu.BratsunDA.Sprint4.Task0.V15.Lib.csproj", "{EC45E611-4B68-4678-8B87-E3AFA96E98F9}"
EndProject
Project("{FAE04EC0-301F-11D3-BF4B-00C04F79EFBC}") = "Tyuiu.BratsunDA.Sprint4.Task0.V15.Test", "Tyuiu.BratsunDA.Sprint4.Task0.V15.Test\Tyuiu.BratsunDA.Sprint4.Task0.V15.Test.csproj", "{E320B638-815C-44DC-AA38-0D3647E299FF}"
EndProject
Project("{2150E333-8FDC-42A3-9474-1A3956D46DE8}") = "Task1", "Task1", "{43B6F4C9-0758-4D67-8334-E74807F471DF}"
EndProject
Project("{FAE04EC0-301F-11D3-BF4B-00C04F79EFBC}") = "Tyuiu.BratsunDA.Sprint4.Task1.V7", "Tyuiu.BratsunDA.Sprint4.Task1.V7\Tyuiu.BratsunDA.Sprint4.Task1.V7.csproj", "{E8FB5E1A-A4D1-44FE-8242-AE1B98D893ED}"
EndProject
Project("{FAE04EC0-301F-11D3-BF4B-00C04F79EFBC}") = "Tyuiu.BratsunDA.Sprint4.Task1.V7.Lib", "Tyuiu.BratsunDA.Sprint4.Task1.V7.Lib\Tyuiu.BratsunDA.Sprint4.Task1.V7.Lib.csproj", "{7A1ABB6F-6703-45A7-8587-620F4766C428}"
EndProject
Project("{FAE04EC0-301F-11D3-BF4B-00C04F79EFBC}") = "Tyuiu.BratsunDA.Sprint4.Task1.V7.Test", "Tyuiu.BratsunDA.Sprint4.Task1.V7.Test\Tyuiu.BratsunDA.Sprint4.Task1.V7.Test.csproj", "{9DBE3C17-6A58-4A81-A88E-77EB73D0D3F0}"
EndProject
Global
	GlobalSection(SolutionConfigurationPlatforms) = preSolution
		Debug|Any CPU = Debug|Any CPU
		Release|Any CPU = Release|Any CPU
	EndGlobalSection
	GlobalSection(ProjectConfigurationPlatforms) = postSolution
		{B3B48FEA-200C-4E33-9FDE-05B362DB1EC6}.Debug|Any CPU.ActiveCfg = Debug|Any CPU
		{B3B48FEA-200C-4E33-9FDE-05B362DB1EC6}.Debug|Any CPU.Build.0 = Debug|Any CPU
		{B3B48FEA-200C-4E33-9FDE-05B362DB1EC6}.Release|Any CPU.ActiveCfg = Release|Any CPU
		{B3B48FEA-200C-4E33-9FDE-05B362DB1EC6}.Release|Any CPU.Build.0 = Release|Any CPU
		{EC45E611-4B68-4678-8B87-E3AFA96E98F9}.Debug|Any CPU.ActiveCfg = Debug|Any CPU
		{EC45E611-4B68-4678-8B87-E3AFA96E98F9}.Debug|Any CPU.Build.0 = Debug|Any CPU
		{EC45E611-4B68-4678-8B87-E3AFA96E98F9}.Release|Any CPU.ActiveCfg = Release|Any CPU
		{EC45E611-4B68-4678-8B87-E3AFA96E98F9}.Release|Any CPU.Build.0 = Release|Any CPU
		{E320B638-815C-44DC-AA38-0D3647E299FF}.Debug|Any CPU.ActiveCfg = Debug|Any CPU
		{E320B638-815C-44DC-AA38-0D3647E299FF}.Debug|Any CPU.Build.0 = Debug|Any CPU
		{E320B638-815C-44DC-AA38-0D3647E299FF}.Release|Any CPU.ActiveCfg = Release|Any CPU
		{E320B638-815C-44DC-AA38-0D3647E299FF}.Release|Any CPU.Build.0 = Release|Any CPU
		{E8FB5E1A-A4D1-44FE-8242-AE1B98D893ED}.Debug|Any CPU.ActiveCfg = Debug|Any CPU
		{E8FB5E1A-A4D1-44FE-8242-AE1B98D893ED}.Debug|Any CPU.Build.0 = Debug|Any CPU
		{E8FB5E1A-A4D1-44FE-8242-AE1B98D893ED}.Release|Any CPU.ActiveCfg = Release|Any CPU
		{E8FB5E1A-A4D1-44FE-8242-AE1B98D893ED}.Release|Any CPU.Build.0 = Release|Any CPU
		{7A1ABB6F-6703-45A7-8587-620F4766C428}.Debug|Any CPU.ActiveCfg = Debug|Any CPU
		{7A1ABB6F-6703-45A7-8587-620F4766C428}.Debug|Any CPU.Build.0 = Debug|Any CPU
		{7A1ABB6F-6703-45A7-8587-620F4766C428}.Release|Any CPU.ActiveCfg = Release|Any CPU
		{7A1ABB6F-6703-45A7-8587-620F4766C428}.Release|Any CPU.Build.0 = Release|Any CPU
		{9DBE3C17-6A58-4A81-A88E-77EB73D0D3F0}.Debug|Any CPU.ActiveCfg = Debug|Any CPU
		{9DBE3C17-6A58-4A81-A88E-77EB73D0D3F0}.Debug|Any CPU.Build.0 = Debug|Any CPU
		{9DBE3C17-6A58-4A81-A88E-77EB73D0D3F0}.Release|Any CPU.ActiveCfg = Release|Any CPU
		{9DBE3C17-6A58-4A81-A88E-77EB73D0D3F0}.Release|Any CPU.Build.0 = Release|Any CPU
	EndGlobalSection
	GlobalSection(SolutionProperties) = preSolution
		HideSolutionNode = FALSE
	EndGlobalSection
	GlobalSection(NestedProjects) = preSolution
		{B3B48FEA-200C-4E33-9FDE-05B362DB1EC6} = {DDAE9EDC-696C-4045-A2D0-E04D74A563D3}
		{EC45E611-4B68-4678-8B87-E3AFA96E98F9} = {DDAE9EDC-696C-4045-A2D0-E04D74A563D3}
		{E320B638-815C-44DC-AA38-0D3647E299FF} = {DDAE9EDC-696C-4045-A2D0-E04D74A563D3}
		{E8FB5E1A-A4D1-44FE-8242-AE1B98D893ED} = {43B6F4C9-0758-4D67-8334-E74807F471DF}
		{7A1ABB6F-6703-45A7-8587-620F4766C428} = {43B6F4C9-0758-4D67-8334-E74807F471DF}
		{9DBE3C17-6A58-4A81-A88E-77EB73D0D3F0} = {43B6F4C9-0758-4D67-8334-E74807F471DF}
	EndGlobalSection
	GlobalSection(ExtensibilityGlobals) = postSolution
		SolutionGuid = {338A7B17-F89A-4651-9FA9-1B2940636C90}
	EndGlobalSection
EndGlobal
